
Microsoft Visual Studio Solution File, Format Version 12.00
# Visual Studio Version 16
VisualStudioVersion = 16.0.32106.194
MinimumVisualStudioVersion = 10.0.40219.1
Project("{FAE04EC0-301F-11D3-BF4B-00C04F79EFBC}") = "Rekusionsdemo22", "Rekusionsdemo22\Rekusionsdemo22.csproj", "{5314B6BA-F875-4D80-AB44-CCB5A8577F22}"
EndProject
Global
	GlobalSection(SolutionConfigurationPlatforms) = preSolution
		Debug|Any CPU = Debug|Any CPU
		Release|Any CPU = Release|Any CPU
	EndGlobalSection
	GlobalSection(ProjectConfigurationPlatforms) = postSolution
		{5314B6BA-F875-4D80-AB44-CCB5A8577F22}.Debug|Any CPU.ActiveCfg = Debug|Any CPU
		{5314B6BA-F875-4D80-AB44-CCB5A8577F22}.Debug|Any CPU.Build.0 = Debug|Any CPU
		{5314B6BA-F875-4D80-AB44-CCB5A8577F22}.Release|Any CPU.ActiveCfg = Release|Any CPU
		{5314B6BA-F875-4D80-AB44-CCB5A8577F22}.Release|Any CPU.Build.0 = Release|Any CPU
	EndGlobalSection
	GlobalSection(SolutionProperties) = preSolution
		HideSolutionNode = FALSE
	EndGlobalSection
	GlobalSection(ExtensibilityGlobals) = postSolution
		SolutionGuid = {E867FC1E-993F-4D86-BD68-02D6A758C1D3}
	EndGlobalSection
EndGlobal
